PODS:
  - DZNEmptyDataSet (1.8.1)
  - FSCalendar (2.8.2)
  - Loaf (0.7.0)
  - lottie-ios (3.3.0)
  - SVProgressHUD (2.2.5)
  - TDLikertScaleSelectorView (1.0.6)

DEPENDENCIES:
  - DZNEmptyDataSet
  - FSCalendar
  - Loaf
  - lottie-ios
  - SVProgressHUD
  - TDLikertScaleSelectorView

SPEC REPOS:
  trunk:
    - DZNEmptyDataSet
    - FSCalendar
    - Loaf
    - lottie-ios
    - SVProgressHUD
    - TDLikertScaleSelectorView

SPEC CHECKSUMS:
  DZNEmptyDataSet: 9525833b9e68ac21c30253e1d3d7076cc828eaa7
  FSCalendar: e6a2eb9c571bf0719ed797ef807e08426753c241
  Loaf: d69937cd00649f3fa260beb8b7aef0a1feb861ef
  lottie-ios: 6ac74dcc09904798f59b18cb3075c089d76be9ae
  SVProgressHUD: 1428aafac632c1f86f62aa4243ec12008d7a51d6
  TDLikertScaleSelectorView: dce6fac9ebda21f5deb00eca74dcad15a4fb6269

PODFILE CHECKSUM: fd77bb550ef36bb84ef3e70fe38e620416c75379

COCOAPODS: 1.10.1
