// !$*UTF8*$!
{
	archiveVersion = 1;
	classes = {
	};
	objectVersion = 55;
	objects = {

/* Begin PBXBuildFile section */
		272C0E9027B5E72E00587930 /* User.swift in Sources */ = {isa = PBXBuildFile; fileRef = 272C0E8F27B5E72E00587930 /* User.swift */; };
		272C0E9227B5E78B00587930 /* Symptom.swift in Sources */ = {isa = PBXBuildFile; fileRef = 272C0E9127B5E78B00587930 /* Symptom.swift */; };
		272C0E9427B5E7B000587930 /* CustomTrigger.swift in Sources */ = {isa = PBXBuildFile; fileRef = 272C0E9327B5E7B000587930 /* CustomTrigger.swift */; };
		272C0E9627B5E7CB00587930 /* DataService.swift in Sources */ = {isa = PBXBuildFile; fileRef = 272C0E9527B5E7CB00587930 /* DataService.swift */; };
		272C0E9827B5E8A600587930 /* Checkin.swift in Sources */ = {isa = PBXBuildFile; fileRef = 272C0E9727B5E8A600587930 /* Checkin.swift */; };
		272C0EA227B875A000587930 /* SymptomCheckin.swift in Sources */ = {isa = PBXBuildFile; fileRef = 272C0EA127B875A000587930 /* SymptomCheckin.swift */; };
		272C0EA427B8760C00587930 /* CustomTriggerCheckin.swift in Sources */ = {isa = PBXBuildFile; fileRef = 272C0EA327B8760C00587930 /* CustomTriggerCheckin.swift */; };
		272C0EA727BC17AA00587930 /* StartupViewController.swift in Sources */ = {isa = PBXBuildFile; fileRef = 272C0EA627BC17A900587930 /* StartupViewController.swift */; };
		272C0EBA27C066D800587930 /* MGSwipeTableCell.m in Sources */ = {isa = PBXBuildFile; fileRef = 272C0EB627C066D800587930 /* MGSwipeTableCell.m */; };
		272C0EBB27C066D800587930 /* MGSwipeButton.m in Sources */ = {isa = PBXBuildFile; fileRef = 272C0EB927C066D800587930 /* MGSwipeButton.m */; };
		272C0EBD27C0673500587930 /* chatbot.json in Resources */ = {isa = PBXBuildFile; fileRef = 272C0EBC27C0673500587930 /* chatbot.json */; };
		272C0EBF27C5B8AD00587930 /* AppSettings.swift in Sources */ = {isa = PBXBuildFile; fileRef = 272C0EBE27C5B8AD00587930 /* AppSettings.swift */; };
		272C0EC127C5BB4F00587930 /* SettingsViewController.swift in Sources */ = {isa = PBXBuildFile; fileRef = 272C0EC027C5BB4F00587930 /* SettingsViewController.swift */; };
		2789BC5C27D2917900ED54E3 /* AddAppleHealthTriggerViewController.swift in Sources */ = {isa = PBXBuildFile; fileRef = 2789BC5B27D2917900ED54E3 /* AddAppleHealthTriggerViewController.swift */; };
		2789BC5E27D296C200ED54E3 /* AppleHealthTrigger.swift in Sources */ = {isa = PBXBuildFile; fileRef = 2789BC5D27D296C200ED54E3 /* AppleHealthTrigger.swift */; };
		2789BC6027D2975700ED54E3 /* AppleHealthTriggerCheckin.swift in Sources */ = {isa = PBXBuildFile; fileRef = 2789BC5F27D2975700ED54E3 /* AppleHealthTriggerCheckin.swift */; };
		2789BC6227D2D7F500ED54E3 /* NSDate+Extensions.swift in Sources */ = {isa = PBXBuildFile; fileRef = 2789BC6127D2D7F400ED54E3 /* NSDate+Extensions.swift */; };
		7E04325427C47D9300BBB825 /* Notifications.swift in Sources */ = {isa = PBXBuildFile; fileRef = 7E04325327C47D9300BBB825 /* Notifications.swift */; };
		7E1D424E27D078470053B245 /* HealthKit.framework in Frameworks */ = {isa = PBXBuildFile; fileRef = 7E1D424D27D078470053B245 /* HealthKit.framework */; };
		7E440F1327B707DC00454F1F /* AddSymptomViewController.swift in Sources */ = {isa = PBXBuildFile; fileRef = 7E440F1227B707DC00454F1F /* AddSymptomViewController.swift */; };
		7E440F1527B84DB100454F1F /* AddTriggerViewController.swift in Sources */ = {isa = PBXBuildFile; fileRef = 7E440F1427B84DB100454F1F /* AddTriggerViewController.swift */; };
		7EEFC1B727B041BC001C92C0 /* AppDelegate.swift in Sources */ = {isa = PBXBuildFile; fileRef = 7EEFC1B627B041BC001C92C0 /* AppDelegate.swift */; };
		7EEFC1B927B041BC001C92C0 /* SceneDelegate.swift in Sources */ = {isa = PBXBuildFile; fileRef = 7EEFC1B827B041BC001C92C0 /* SceneDelegate.swift */; };
		7EEFC1BB27B041BC001C92C0 /* LogInViewController.swift in Sources */ = {isa = PBXBuildFile; fileRef = 7EEFC1BA27B041BC001C92C0 /* LogInViewController.swift */; };
		7EEFC1BE27B041BC001C92C0 /* Main.storyboard in Resources */ = {isa = PBXBuildFile; fileRef = 7EEFC1BC27B041BC001C92C0 /* Main.storyboard */; };
		7EEFC1C027B041BD001C92C0 /* Assets.xcassets in Resources */ = {isa = PBXBuildFile; fileRef = 7EEFC1BF27B041BD001C92C0 /* Assets.xcassets */; };
		7EEFC1C327B041BD001C92C0 /* LaunchScreen.storyboard in Resources */ = {isa = PBXBuildFile; fileRef = 7EEFC1C127B041BD001C92C0 /* LaunchScreen.storyboard */; };
		7EEFC1CB27B04F3F001C92C0 /* SignUpViewController.swift in Sources */ = {isa = PBXBuildFile; fileRef = 7EEFC1CA27B04F3F001C92C0 /* SignUpViewController.swift */; };
		7EEFC1CD27B05119001C92C0 /* WelcomeViewController.swift in Sources */ = {isa = PBXBuildFile; fileRef = 7EEFC1CC27B05119001C92C0 /* WelcomeViewController.swift */; };
		7EEFC1CF27B05237001C92C0 /* SignUpSymptomsViewController.swift in Sources */ = {isa = PBXBuildFile; fileRef = 7EEFC1CE27B05237001C92C0 /* SignUpSymptomsViewController.swift */; };
		7EEFC1D127B05362001C92C0 /* SignUpTriggersViewController.swift in Sources */ = {isa = PBXBuildFile; fileRef = 7EEFC1D027B05362001C92C0 /* SignUpTriggersViewController.swift */; };
		7EEFC1D327B053BD001C92C0 /* NotificationsViewController.swift in Sources */ = {isa = PBXBuildFile; fileRef = 7EEFC1D227B053BD001C92C0 /* NotificationsViewController.swift */; };
		7EEFC1D527B05482001C92C0 /* HomePageViewController.swift in Sources */ = {isa = PBXBuildFile; fileRef = 7EEFC1D427B05482001C92C0 /* HomePageViewController.swift */; };
		7EEFC1D727B0ACB0001C92C0 /* HistoryViewController.swift in Sources */ = {isa = PBXBuildFile; fileRef = 7EEFC1D627B0ACB0001C92C0 /* HistoryViewController.swift */; };
		7EEFC1DB27B0ADF4001C92C0 /* SymptomsViewController.swift in Sources */ = {isa = PBXBuildFile; fileRef = 7EEFC1DA27B0ADF4001C92C0 /* SymptomsViewController.swift */; };
		7EEFC1DD27B0AE14001C92C0 /* CheckInViewController.swift in Sources */ = {isa = PBXBuildFile; fileRef = 7EEFC1DC27B0AE14001C92C0 /* CheckInViewController.swift */; };
		FA7550FB1453B99739B91954 /* Pods_SymptomTracker.framework in Frameworks */ = {isa = PBXBuildFile; fileRef = 8A1ADE07E5396C4AB55D3B41 /* Pods_SymptomTracker.framework */; };
/* End PBXBuildFile section */

/* Begin PBXFileReference section */
		272C0E8F27B5E72E00587930 /* User.swift */ = {isa = PBXFileReference; fileEncoding = 4; lastKnownFileType = sourcecode.swift; path = User.swift; sourceTree = "<group>"; };
		272C0E9127B5E78B00587930 /* Symptom.swift */ = {isa = PBXFileReference; lastKnownFileType = sourcecode.swift; path = Symptom.swift; sourceTree = "<group>"; };
		272C0E9327B5E7B000587930 /* CustomTrigger.swift */ = {isa = PBXFileReference; fileEncoding = 4; lastKnownFileType = sourcecode.swift; path = CustomTrigger.swift; sourceTree = "<group>"; };
		272C0E9527B5E7CB00587930 /* DataService.swift */ = {isa = PBXFileReference; fileEncoding = 4; lastKnownFileType = sourcecode.swift; path = DataService.swift; sourceTree = "<group>"; };
		272C0E9727B5E8A600587930 /* Checkin.swift */ = {isa = PBXFileReference; fileEncoding = 4; lastKnownFileType = sourcecode.swift; path = Checkin.swift; sourceTree = "<group>"; };
		272C0EA127B875A000587930 /* SymptomCheckin.swift */ = {isa = PBXFileReference; fileEncoding = 4; lastKnownFileType = sourcecode.swift; path = SymptomCheckin.swift; sourceTree = "<group>"; };
		272C0EA327B8760C00587930 /* CustomTriggerCheckin.swift */ = {isa = PBXFileReference; fileEncoding = 4; lastKnownFileType = sourcecode.swift; path = CustomTriggerCheckin.swift; sourceTree = "<group>"; };
		272C0EA627BC17A900587930 /* StartupViewController.swift */ = {isa = PBXFileReference; lastKnownFileType = sourcecode.swift; path = StartupViewController.swift; sourceTree = "<group>"; };
		272C0EB627C066D800587930 /* MGSwipeTableCell.m */ = {isa = PBXFileReference; fileEncoding = 4; lastKnownFileType = sourcecode.c.objc; path = MGSwipeTableCell.m; sourceTree = "<group>"; };
		272C0EB727C066D800587930 /* MGSwipeButton.h */ = {isa = PBXFileReference; fileEncoding = 4; lastKnownFileType = sourcecode.c.h; path = MGSwipeButton.h; sourceTree = "<group>"; };
		272C0EB827C066D800587930 /* MGSwipeTableCell.h */ = {isa = PBXFileReference; fileEncoding = 4; lastKnownFileType = sourcecode.c.h; path = MGSwipeTableCell.h; sourceTree = "<group>"; };
		272C0EB927C066D800587930 /* MGSwipeButton.m */ = {isa = PBXFileReference; fileEncoding = 4; lastKnownFileType = sourcecode.c.objc; path = MGSwipeButton.m; sourceTree = "<group>"; };
		272C0EBC27C0673500587930 /* chatbot.json */ = {isa = PBXFileReference; fileEncoding = 4; lastKnownFileType = text.json; path = chatbot.json; sourceTree = "<group>"; };
		272C0EBE27C5B8AD00587930 /* AppSettings.swift */ = {isa = PBXFileReference; lastKnownFileType = sourcecode.swift; path = AppSettings.swift; sourceTree = "<group>"; };
		272C0EC027C5BB4F00587930 /* SettingsViewController.swift */ = {isa = PBXFileReference; lastKnownFileType = sourcecode.swift; path = SettingsViewController.swift; sourceTree = "<group>"; };
		2789BC5B27D2917900ED54E3 /* AddAppleHealthTriggerViewController.swift */ = {isa = PBXFileReference; lastKnownFileType = sourcecode.swift; path = AddAppleHealthTriggerViewController.swift; sourceTree = "<group>"; };
		2789BC5D27D296C200ED54E3 /* AppleHealthTrigger.swift */ = {isa = PBXFileReference; lastKnownFileType = sourcecode.swift; path = AppleHealthTrigger.swift; sourceTree = "<group>"; };
		2789BC5F27D2975700ED54E3 /* AppleHealthTriggerCheckin.swift */ = {isa = PBXFileReference; lastKnownFileType = sourcecode.swift; path = AppleHealthTriggerCheckin.swift; sourceTree = "<group>"; };
		2789BC6127D2D7F400ED54E3 /* NSDate+Extensions.swift */ = {isa = PBXFileReference; fileEncoding = 4; lastKnownFileType = sourcecode.swift; path = "NSDate+Extensions.swift"; sourceTree = "<group>"; };
		369CAFAF737ABD8AA337083E /* Pods-SymptomTracker.debug.xcconfig */ = {isa = PBXFileReference; includeInIndex = 1; lastKnownFileType = text.xcconfig; name = "Pods-SymptomTracker.debug.xcconfig"; path = "Target Support Files/Pods-SymptomTracker/Pods-SymptomTracker.debug.xcconfig"; sourceTree = "<group>"; };
		7E04325327C47D9300BBB825 /* Notifications.swift */ = {isa = PBXFileReference; fileEncoding = 4; lastKnownFileType = sourcecode.swift; path = Notifications.swift; sourceTree = "<group>"; };
		7E1D424C27D078470053B245 /* SymptomTracker.entitlements */ = {isa = PBXFileReference; lastKnownFileType = text.plist.entitlements; path = SymptomTracker.entitlements; sourceTree = "<group>"; };
		7E1D424D27D078470053B245 /* HealthKit.framework */ = {isa = PBXFileReference; lastKnownFileType = wrapper.framework; name = HealthKit.framework; path = System/Library/Frameworks/HealthKit.framework; sourceTree = SDKROOT; };
		7E440F1227B707DC00454F1F /* AddSymptomViewController.swift */ = {isa = PBXFileReference; lastKnownFileType = sourcecode.swift; path = AddSymptomViewController.swift; sourceTree = "<group>"; };
		7E440F1427B84DB100454F1F /* AddTriggerViewController.swift */ = {isa = PBXFileReference; lastKnownFileType = sourcecode.swift; path = AddTriggerViewController.swift; sourceTree = "<group>"; };
		7EEFC1B327B041BC001C92C0 /* SymptomTracker.app */ = {isa = PBXFileReference; explicitFileType = wrapper.application; includeInIndex = 0; path = SymptomTracker.app; sourceTree = BUILT_PRODUCTS_DIR; };
		7EEFC1B627B041BC001C92C0 /* AppDelegate.swift */ = {isa = PBXFileReference; lastKnownFileType = sourcecode.swift; path = AppDelegate.swift; sourceTree = "<group>"; };
		7EEFC1B827B041BC001C92C0 /* SceneDelegate.swift */ = {isa = PBXFileReference; lastKnownFileType = sourcecode.swift; path = SceneDelegate.swift; sourceTree = "<group>"; };
		7EEFC1BA27B041BC001C92C0 /* LogInViewController.swift */ = {isa = PBXFileReference; lastKnownFileType = sourcecode.swift; path = LogInViewController.swift; sourceTree = "<group>"; };
		7EEFC1BD27B041BC001C92C0 /* Base */ = {isa = PBXFileReference; lastKnownFileType = file.storyboard; name = Base; path = Base.lproj/Main.storyboard; sourceTree = "<group>"; };
		7EEFC1BF27B041BD001C92C0 /* Assets.xcassets */ = {isa = PBXFileReference; lastKnownFileType = folder.assetcatalog; path = Assets.xcassets; sourceTree = "<group>"; };
		7EEFC1C227B041BD001C92C0 /* Base */ = {isa = PBXFileReference; lastKnownFileType = file.storyboard; name = Base; path = Base.lproj/LaunchScreen.storyboard; sourceTree = "<group>"; };
		7EEFC1C427B041BD001C92C0 /* Info.plist */ = {isa = PBXFileReference; lastKnownFileType = text.plist.xml; path = Info.plist; sourceTree = "<group>"; };
		7EEFC1CA27B04F3F001C92C0 /* SignUpViewController.swift */ = {isa = PBXFileReference; lastKnownFileType = sourcecode.swift; path = SignUpViewController.swift; sourceTree = "<group>"; };
		7EEFC1CC27B05119001C92C0 /* WelcomeViewController.swift */ = {isa = PBXFileReference; lastKnownFileType = sourcecode.swift; path = WelcomeViewController.swift; sourceTree = "<group>"; };
		7EEFC1CE27B05237001C92C0 /* SignUpSymptomsViewController.swift */ = {isa = PBXFileReference; lastKnownFileType = sourcecode.swift; path = SignUpSymptomsViewController.swift; sourceTree = "<group>"; };
		7EEFC1D027B05362001C92C0 /* SignUpTriggersViewController.swift */ = {isa = PBXFileReference; lastKnownFileType = sourcecode.swift; path = SignUpTriggersViewController.swift; sourceTree = "<group>"; };
		7EEFC1D227B053BD001C92C0 /* NotificationsViewController.swift */ = {isa = PBXFileReference; lastKnownFileType = sourcecode.swift; path = NotificationsViewController.swift; sourceTree = "<group>"; };
		7EEFC1D427B05482001C92C0 /* HomePageViewController.swift */ = {isa = PBXFileReference; lastKnownFileType = sourcecode.swift; path = HomePageViewController.swift; sourceTree = "<group>"; };
		7EEFC1D627B0ACB0001C92C0 /* HistoryViewController.swift */ = {isa = PBXFileReference; lastKnownFileType = sourcecode.swift; path = HistoryViewController.swift; sourceTree = "<group>"; };
		7EEFC1DA27B0ADF4001C92C0 /* SymptomsViewController.swift */ = {isa = PBXFileReference; lastKnownFileType = sourcecode.swift; path = SymptomsViewController.swift; sourceTree = "<group>"; };
		7EEFC1DC27B0AE14001C92C0 /* CheckInViewController.swift */ = {isa = PBXFileReference; lastKnownFileType = sourcecode.swift; path = CheckInViewController.swift; sourceTree = "<group>"; };
		7FFC3E0EB40188F4EDEA889D /* Pods-SymptomTracker.release.xcconfig */ = {isa = PBXFileReference; includeInIndex = 1; lastKnownFileType = text.xcconfig; name = "Pods-SymptomTracker.release.xcconfig"; path = "Target Support Files/Pods-SymptomTracker/Pods-SymptomTracker.release.xcconfig"; sourceTree = "<group>"; };
		8A1ADE07E5396C4AB55D3B41 /* Pods_SymptomTracker.framework */ = {isa = PBXFileReference; explicitFileType = wrapper.framework; includeInIndex = 0; path = Pods_SymptomTracker.framework; sourceTree = BUILT_PRODUCTS_DIR; };
/* End PBXFileReference section */

/* Begin PBXFrameworksBuildPhase section */
		7EEFC1B027B041BC001C92C0 /* Frameworks */ = {
			isa = PBXFrameworksBuildPhase;
			buildActionMask = 2147483647;
			files = (
				FA7550FB1453B99739B91954 /* Pods_SymptomTracker.framework in Frameworks */,
				7E1D424E27D078470053B245 /* HealthKit.framework in Frameworks */,
			);
			runOnlyForDeploymentPostprocessing = 0;
		};
/* End PBXFrameworksBuildPhase section */

/* Begin PBXGroup section */
		1D5F70F8DD7C50954226FF83 /* Frameworks */ = {
			isa = PBXGroup;
			children = (
				7E1D424D27D078470053B245 /* HealthKit.framework */,
				8A1ADE07E5396C4AB55D3B41 /* Pods_SymptomTracker.framework */,
			);
			name = Frameworks;
			sourceTree = "<group>";
		};
		272C0E8E27B5E72E00587930 /* Data Models */ = {
			isa = PBXGroup;
			children = (
				7E04325327C47D9300BBB825 /* Notifications.swift */,
				272C0E8F27B5E72E00587930 /* User.swift */,
				272C0E9127B5E78B00587930 /* Symptom.swift */,
				272C0EA127B875A000587930 /* SymptomCheckin.swift */,
				272C0E9327B5E7B000587930 /* CustomTrigger.swift */,
				272C0EA327B8760C00587930 /* CustomTriggerCheckin.swift */,
				272C0E9727B5E8A600587930 /* Checkin.swift */,
				272C0E9527B5E7CB00587930 /* DataService.swift */,
				2789BC5D27D296C200ED54E3 /* AppleHealthTrigger.swift */,
				2789BC5F27D2975700ED54E3 /* AppleHealthTriggerCheckin.swift */,
			);
			path = "Data Models";
			sourceTree = "<group>";
		};
		272C0EB527C066D800587930 /* MGSwipeTableCell */ = {
			isa = PBXGroup;
			children = (
				272C0EB627C066D800587930 /* MGSwipeTableCell.m */,
				272C0EB727C066D800587930 /* MGSwipeButton.h */,
				272C0EB827C066D800587930 /* MGSwipeTableCell.h */,
				272C0EB927C066D800587930 /* MGSwipeButton.m */,
			);
			path = MGSwipeTableCell;
			sourceTree = "<group>";
		};
		7EEFC1AA27B041BC001C92C0 = {
			isa = PBXGroup;
			children = (
				7EEFC1B527B041BC001C92C0 /* SymptomTracker */,
				7EEFC1B427B041BC001C92C0 /* Products */,
				8068B6829A8A58BA78159361 /* Pods */,
				1D5F70F8DD7C50954226FF83 /* Frameworks */,
			);
			sourceTree = "<group>";
		};
		7EEFC1B427B041BC001C92C0 /* Products */ = {
			isa = PBXGroup;
			children = (
				7EEFC1B327B041BC001C92C0 /* SymptomTracker.app */,
			);
			name = Products;
			sourceTree = "<group>";
		};
		7EEFC1B527B041BC001C92C0 /* SymptomTracker */ = {
			isa = PBXGroup;
			children = (
				2789BC6127D2D7F400ED54E3 /* NSDate+Extensions.swift */,
				7E1D424C27D078470053B245 /* SymptomTracker.entitlements */,
				272C0EBC27C0673500587930 /* chatbot.json */,
				272C0EB527C066D800587930 /* MGSwipeTableCell */,
				7EEFC1C427B041BD001C92C0 /* Info.plist */,
				7EEFC1BC27B041BC001C92C0 /* Main.storyboard */,
				7EEFC1BF27B041BD001C92C0 /* Assets.xcassets */,
				7EEFC1B827B041BC001C92C0 /* SceneDelegate.swift */,
				7EEFC1B627B041BC001C92C0 /* AppDelegate.swift */,
				272C0EBE27C5B8AD00587930 /* AppSettings.swift */,
				7E440F1227B707DC00454F1F /* AddSymptomViewController.swift */,
				7E440F1427B84DB100454F1F /* AddTriggerViewController.swift */,
				7EEFC1DC27B0AE14001C92C0 /* CheckInViewController.swift */,
				7EEFC1D627B0ACB0001C92C0 /* HistoryViewController.swift */,
				7EEFC1D427B05482001C92C0 /* HomePageViewController.swift */,
				7EEFC1C127B041BD001C92C0 /* LaunchScreen.storyboard */,
				7EEFC1BA27B041BC001C92C0 /* LogInViewController.swift */,
				7EEFC1D227B053BD001C92C0 /* NotificationsViewController.swift */,
				7EEFC1CE27B05237001C92C0 /* SignUpSymptomsViewController.swift */,
				7EEFC1D027B05362001C92C0 /* SignUpTriggersViewController.swift */,
				7EEFC1CA27B04F3F001C92C0 /* SignUpViewController.swift */,
				272C0EA627BC17A900587930 /* StartupViewController.swift */,
				272C0EC027C5BB4F00587930 /* SettingsViewController.swift */,
				7EEFC1DA27B0ADF4001C92C0 /* SymptomsViewController.swift */,
				7EEFC1CC27B05119001C92C0 /* WelcomeViewController.swift */,
				272C0E8E27B5E72E00587930 /* Data Models */,
				2789BC5B27D2917900ED54E3 /* AddAppleHealthTriggerViewController.swift */,
			);
			path = SymptomTracker;
			sourceTree = "<group>";
		};
		8068B6829A8A58BA78159361 /* Pods */ = {
			isa = PBXGroup;
			children = (
				369CAFAF737ABD8AA337083E /* Pods-SymptomTracker.debug.xcconfig */,
				7FFC3E0EB40188F4EDEA889D /* Pods-SymptomTracker.release.xcconfig */,
			);
			path = Pods;
			sourceTree = "<group>";
		};
/* End PBXGroup section */

/* Begin PBXNativeTarget section */
		7EEFC1B227B041BC001C92C0 /* SymptomTracker */ = {
			isa = PBXNativeTarget;
			buildConfigurationList = 7EEFC1C727B041BD001C92C0 /* Build configuration list for PBXNativeTarget "SymptomTracker" */;
			buildPhases = (
				C12B74ABB0BEA1CDF48A9B30 /* [CP] Check Pods Manifest.lock */,
				7EEFC1AF27B041BC001C92C0 /* Sources */,
				7EEFC1B027B041BC001C92C0 /* Frameworks */,
				7EEFC1B127B041BC001C92C0 /* Resources */,
				CA037C68C6BB9984716AB29F /* [CP] Embed Pods Frameworks */,
			);
			buildRules = (
			);
			dependencies = (
			);
			name = SymptomTracker;
			productName = SymptomTracker;
			productReference = 7EEFC1B327B041BC001C92C0 /* SymptomTracker.app */;
			productType = "com.apple.product-type.application";
		};
/* End PBXNativeTarget section */

/* Begin PBXProject section */
		7EEFC1AB27B041BC001C92C0 /* Project object */ = {
			isa = PBXProject;
			attributes = {
				BuildIndependentTargetsInParallel = 1;
				LastSwiftUpdateCheck = 1320;
				LastUpgradeCheck = 1320;
				TargetAttributes = {
					7EEFC1B227B041BC001C92C0 = {
						CreatedOnToolsVersion = 13.2.1;
					};
				};
			};
			buildConfigurationList = 7EEFC1AE27B041BC001C92C0 /* Build configuration list for PBXProject "SymptomTracker" */;
			compatibilityVersion = "Xcode 13.0";
			developmentRegion = en;
			hasScannedForEncodings = 0;
			knownRegions = (
				en,
				Base,
			);
			mainGroup = 7EEFC1AA27B041BC001C92C0;
			productRefGroup = 7EEFC1B427B041BC001C92C0 /* Products */;
			projectDirPath = "";
			projectRoot = "";
			targets = (
				7EEFC1B227B041BC001C92C0 /* SymptomTracker */,
			);
		};
/* End PBXProject section */

/* Begin PBXResourcesBuildPhase section */
		7EEFC1B127B041BC001C92C0 /* Resources */ = {
			isa = PBXResourcesBuildPhase;
			buildActionMask = 2147483647;
			files = (
				7EEFC1C327B041BD001C92C0 /* LaunchScreen.storyboard in Resources */,
				272C0EBD27C0673500587930 /* chatbot.json in Resources */,
				7EEFC1C027B041BD001C92C0 /* Assets.xcassets in Resources */,
				7EEFC1BE27B041BC001C92C0 /* Main.storyboard in Resources */,
			);
			runOnlyForDeploymentPostprocessing = 0;
		};
/* End PBXResourcesBuildPhase section */

/* Begin PBXShellScriptBuildPhase section */
		C12B74ABB0BEA1CDF48A9B30 /* [CP] Check Pods Manifest.lock */ = {
			isa = PBXShellScriptBuildPhase;
			buildActionMask = 2147483647;
			files = (
			);
			inputFileListPaths = (
			);
			inputPaths = (
				"${PODS_PODFILE_DIR_PATH}/Podfile.lock",
				"${PODS_ROOT}/Manifest.lock",
			);
			name = "[CP] Check Pods Manifest.lock";
			outputFileListPaths = (
			);
			outputPaths = (
				"$(DERIVED_FILE_DIR)/Pods-SymptomTracker-checkManifestLockResult.txt",
			);
			runOnlyForDeploymentPostprocessing = 0;
			shellPath = /bin/sh;
			shellScript = "diff \"${PODS_PODFILE_DIR_PATH}/Podfile.lock\" \"${PODS_ROOT}/Manifest.lock\" > /dev/null\nif [ $? != 0 ] ; then\n    # print error to STDERR\n    echo \"error: The sandbox is not in sync with the Podfile.lock. Run 'pod install' or update your CocoaPods installation.\" >&2\n    exit 1\nfi\n# This output is used by Xcode 'outputs' to avoid re-running this script phase.\necho \"SUCCESS\" > \"${SCRIPT_OUTPUT_FILE_0}\"\n";
			showEnvVarsInLog = 0;
		};
		CA037C68C6BB9984716AB29F /* [CP] Embed Pods Frameworks */ = {
			isa = PBXShellScriptBuildPhase;
			buildActionMask = 2147483647;
			files = (
			);
			inputFileListPaths = (
				"${PODS_ROOT}/Target Support Files/Pods-SymptomTracker/Pods-SymptomTracker-frameworks-${CONFIGURATION}-input-files.xcfilelist",
			);
			name = "[CP] Embed Pods Frameworks";
			outputFileListPaths = (
				"${PODS_ROOT}/Target Support Files/Pods-SymptomTracker/Pods-SymptomTracker-frameworks-${CONFIGURATION}-output-files.xcfilelist",
			);
			runOnlyForDeploymentPostprocessing = 0;
			shellPath = /bin/sh;
			shellScript = "\"${PODS_ROOT}/Target Support Files/Pods-SymptomTracker/Pods-SymptomTracker-frameworks.sh\"\n";
			showEnvVarsInLog = 0;
		};
/* End PBXShellScriptBuildPhase section */

/* Begin PBXSourcesBuildPhase section */
		7EEFC1AF27B041BC001C92C0 /* Sources */ = {
			isa = PBXSourcesBuildPhase;
			buildActionMask = 2147483647;
			files = (
				7EEFC1BB27B041BC001C92C0 /* LogInViewController.swift in Sources */,
				272C0EBA27C066D800587930 /* MGSwipeTableCell.m in Sources */,
				2789BC6227D2D7F500ED54E3 /* NSDate+Extensions.swift in Sources */,
				7E440F1527B84DB100454F1F /* AddTriggerViewController.swift in Sources */,
				272C0EA427B8760C00587930 /* CustomTriggerCheckin.swift in Sources */,
				2789BC5C27D2917900ED54E3 /* AddAppleHealthTriggerViewController.swift in Sources */,
				7EEFC1D127B05362001C92C0 /* SignUpTriggersViewController.swift in Sources */,
				7EEFC1DB27B0ADF4001C92C0 /* SymptomsViewController.swift in Sources */,
				7EEFC1D527B05482001C92C0 /* HomePageViewController.swift in Sources */,
				7EEFC1D727B0ACB0001C92C0 /* HistoryViewController.swift in Sources */,
				7EEFC1CD27B05119001C92C0 /* WelcomeViewController.swift in Sources */,
				272C0E9027B5E72E00587930 /* User.swift in Sources */,
				7EEFC1B727B041BC001C92C0 /* AppDelegate.swift in Sources */,
				272C0EBB27C066D800587930 /* MGSwipeButton.m in Sources */,
				7EEFC1CB27B04F3F001C92C0 /* SignUpViewController.swift in Sources */,
				7E440F1327B707DC00454F1F /* AddSymptomViewController.swift in Sources */,
				7EEFC1CF27B05237001C92C0 /* SignUpSymptomsViewController.swift in Sources */,
				272C0E9827B5E8A600587930 /* Checkin.swift in Sources */,
				2789BC5E27D296C200ED54E3 /* AppleHealthTrigger.swift in Sources */,
				7EEFC1B927B041BC001C92C0 /* SceneDelegate.swift in Sources */,
				2789BC6027D2975700ED54E3 /* AppleHealthTriggerCheckin.swift in Sources */,
				7E04325427C47D9300BBB825 /* Notifications.swift in Sources */,
				272C0E9427B5E7B000587930 /* CustomTrigger.swift in Sources */,
				272C0EA727BC17AA00587930 /* StartupViewController.swift in Sources */,
				7EEFC1D327B053BD001C92C0 /* NotificationsViewController.swift in Sources */,
				272C0E9227B5E78B00587930 /* Symptom.swift in Sources */,
				7EEFC1DD27B0AE14001C92C0 /* CheckInViewController.swift in Sources */,
				272C0EBF27C5B8AD00587930 /* AppSettings.swift in Sources */,
				272C0E9627B5E7CB00587930 /* DataService.swift in Sources */,
				272C0EA227B875A000587930 /* SymptomCheckin.swift in Sources */,
				272C0EC127C5BB4F00587930 /* SettingsViewController.swift in Sources */,
			);
			runOnlyForDeploymentPostprocessing = 0;
		};
/* End PBXSourcesBuildPhase section */

/* Begin PBXVariantGroup section */
		7EEFC1BC27B041BC001C92C0 /* Main.storyboard */ = {
			isa = PBXVariantGroup;
			children = (
				7EEFC1BD27B041BC001C92C0 /* Base */,
			);
			name = Main.storyboard;
			sourceTree = "<group>";
		};
		7EEFC1C127B041BD001C92C0 /* LaunchScreen.storyboard */ = {
			isa = PBXVariantGroup;
			children = (
				7EEFC1C227B041BD001C92C0 /* Base */,
			);
			name = LaunchScreen.storyboard;
			sourceTree = "<group>";
		};
/* End PBXVariantGroup section */

/* Begin XCBuildConfiguration section */
		7EEFC1C527B041BD001C92C0 /* Debug */ = {
			isa = XCBuildConfiguration;
			buildSettings = {
				ALWAYS_SEARCH_USER_PATHS = NO;
				CLANG_ANALYZER_NONNULL = YES;
				CLANG_ANALYZER_NUMBER_OBJECT_CONVERSION = YES_AGGRESSIVE;
				CLANG_CXX_LANGUAGE_STANDARD = "gnu++17";
				CLANG_CXX_LIBRARY = "libc++";
				CLANG_ENABLE_MODULES = YES;
				CLANG_ENABLE_OBJC_ARC = YES;
				CLANG_ENABLE_OBJC_WEAK = YES;
				CLANG_WARN_BLOCK_CAPTURE_AUTORELEASING = YES;
				CLANG_WARN_BOOL_CONVERSION = YES;
				CLANG_WARN_COMMA = YES;
				CLANG_WARN_CONSTANT_CONVERSION = YES;
				CLANG_WARN_DEPRECATED_OBJC_IMPLEMENTATIONS = YES;
				CLANG_WARN_DIRECT_OBJC_ISA_USAGE = YES_ERROR;
				CLANG_WARN_DOCUMENTATION_COMMENTS = YES;
				CLANG_WARN_EMPTY_BODY = YES;
				CLANG_WARN_ENUM_CONVERSION = YES;
				CLANG_WARN_INFINITE_RECURSION = YES;
				CLANG_WARN_INT_CONVERSION = YES;
				CLANG_WARN_NON_LITERAL_NULL_CONVERSION = YES;
				CLANG_WARN_OBJC_IMPLICIT_RETAIN_SELF = YES;
				CLANG_WARN_OBJC_LITERAL_CONVERSION = YES;
				CLANG_WARN_OBJC_ROOT_CLASS = YES_ERROR;
				CLANG_WARN_QUOTED_INCLUDE_IN_FRAMEWORK_HEADER = YES;
				CLANG_WARN_RANGE_LOOP_ANALYSIS = YES;
				CLANG_WARN_STRICT_PROTOTYPES = YES;
				CLANG_WARN_SUSPICIOUS_MOVE = YES;
				CLANG_WARN_UNGUARDED_AVAILABILITY = YES_AGGRESSIVE;
				CLANG_WARN_UNREACHABLE_CODE = YES;
				CLANG_WARN__DUPLICATE_METHOD_MATCH = YES;
				COPY_PHASE_STRIP = NO;
				DEBUG_INFORMATION_FORMAT = dwarf;
				ENABLE_STRICT_OBJC_MSGSEND = YES;
				ENABLE_TESTABILITY = YES;
				GCC_C_LANGUAGE_STANDARD = gnu11;
				GCC_DYNAMIC_NO_PIC = NO;
				GCC_NO_COMMON_BLOCKS = YES;
				GCC_OPTIMIZATION_LEVEL = 0;
				GCC_PREPROCESSOR_DEFINITIONS = (
					"DEBUG=1",
					"$(inherited)",
				);
				GCC_WARN_64_TO_32_BIT_CONVERSION = YES;
				GCC_WARN_ABOUT_RETURN_TYPE = YES_ERROR;
				GCC_WARN_UNDECLARED_SELECTOR = YES;
				GCC_WARN_UNINITIALIZED_AUTOS = YES_AGGRESSIVE;
				GCC_WARN_UNUSED_FUNCTION = YES;
				GCC_WARN_UNUSED_VARIABLE = YES;
				IPHONEOS_DEPLOYMENT_TARGET = 15.2;
				MTL_ENABLE_DEBUG_INFO = INCLUDE_SOURCE;
				MTL_FAST_MATH = YES;
				ONLY_ACTIVE_ARCH = YES;
				SDKROOT = iphoneos;
				SWIFT_ACTIVE_COMPILATION_CONDITIONS = DEBUG;
				SWIFT_OPTIMIZATION_LEVEL = "-Onone";
			};
			name = Debug;
		};
		7EEFC1C627B041BD001C92C0 /* Release */ = {
			isa = XCBuildConfiguration;
			buildSettings = {
				ALWAYS_SEARCH_USER_PATHS = NO;
				CLANG_ANALYZER_NONNULL = YES;
				CLANG_ANALYZER_NUMBER_OBJECT_CONVERSION = YES_AGGRESSIVE;
				CLANG_CXX_LANGUAGE_STANDARD = "gnu++17";
				CLANG_CXX_LIBRARY = "libc++";
				CLANG_ENABLE_MODULES = YES;
				CLANG_ENABLE_OBJC_ARC = YES;
				CLANG_ENABLE_OBJC_WEAK = YES;
				CLANG_WARN_BLOCK_CAPTURE_AUTORELEASING = YES;
				CLANG_WARN_BOOL_CONVERSION = YES;
				CLANG_WARN_COMMA = YES;
				CLANG_WARN_CONSTANT_CONVERSION = YES;
				CLANG_WARN_DEPRECATED_OBJC_IMPLEMENTATIONS = YES;
				CLANG_WARN_DIRECT_OBJC_ISA_USAGE = YES_ERROR;
				CLANG_WARN_DOCUMENTATION_COMMENTS = YES;
				CLANG_WARN_EMPTY_BODY = YES;
				CLANG_WARN_ENUM_CONVERSION = YES;
				CLANG_WARN_INFINITE_RECURSION = YES;
				CLANG_WARN_INT_CONVERSION = YES;
				CLANG_WARN_NON_LITERAL_NULL_CONVERSION = YES;
				CLANG_WARN_OBJC_IMPLICIT_RETAIN_SELF = YES;
				CLANG_WARN_OBJC_LITERAL_CONVERSION = YES;
				CLANG_WARN_OBJC_ROOT_CLASS = YES_ERROR;
				CLANG_WARN_QUOTED_INCLUDE_IN_FRAMEWORK_HEADER = YES;
				CLANG_WARN_RANGE_LOOP_ANALYSIS = YES;
				CLANG_WARN_STRICT_PROTOTYPES = YES;
				CLANG_WARN_SUSPICIOUS_MOVE = YES;
				CLANG_WARN_UNGUARDED_AVAILABILITY = YES_AGGRESSIVE;
				CLANG_WARN_UNREACHABLE_CODE = YES;
				CLANG_WARN__DUPLICATE_METHOD_MATCH = YES;
				COPY_PHASE_STRIP = NO;
				DEBUG_INFORMATION_FORMAT = "dwarf-with-dsym";
				ENABLE_NS_ASSERTIONS = NO;
				ENABLE_STRICT_OBJC_MSGSEND = YES;
				GCC_C_LANGUAGE_STANDARD = gnu11;
				GCC_NO_COMMON_BLOCKS = YES;
				GCC_WARN_64_TO_32_BIT_CONVERSION = YES;
				GCC_WARN_ABOUT_RETURN_TYPE = YES_ERROR;
				GCC_WARN_UNDECLARED_SELECTOR = YES;
				GCC_WARN_UNINITIALIZED_AUTOS = YES_AGGRESSIVE;
				GCC_WARN_UNUSED_FUNCTION = YES;
				GCC_WARN_UNUSED_VARIABLE = YES;
				IPHONEOS_DEPLOYMENT_TARGET = 15.2;
				MTL_ENABLE_DEBUG_INFO = NO;
				MTL_FAST_MATH = YES;
				SDKROOT = iphoneos;
				SWIFT_COMPILATION_MODE = wholemodule;
				SWIFT_OPTIMIZATION_LEVEL = "-O";
				VALIDATE_PRODUCT = YES;
			};
			name = Release;
		};
		7EEFC1C827B041BD001C92C0 /* Debug */ = {
			isa = XCBuildConfiguration;
			baseConfigurationReference = 369CAFAF737ABD8AA337083E /* Pods-SymptomTracker.debug.xcconfig */;
			buildSettings = {
				ASSETCATALOG_COMPILER_APPICON_NAME = AppIcon;
				ASSETCATALOG_COMPILER_GLOBAL_ACCENT_COLOR_NAME = AccentColor;
				CODE_SIGN_ENTITLEMENTS = SymptomTracker/SymptomTracker.entitlements;
				CODE_SIGN_STYLE = Automatic;
				CURRENT_PROJECT_VERSION = 1;
				DEVELOPMENT_TEAM = B4XW5Z7SE6;
				GENERATE_INFOPLIST_FILE = YES;
				INFOPLIST_FILE = SymptomTracker/Info.plist;
				INFOPLIST_KEY_UIApplicationSupportsIndirectInputEvents = YES;
				INFOPLIST_KEY_UILaunchStoryboardName = LaunchScreen;
				INFOPLIST_KEY_UIMainStoryboardFile = Main;
				INFOPLIST_KEY_UISupportedInterfaceOrientations_iPad = "UIInterfaceOrientationPortrait UIInterfaceOrientationPortraitUpsideDown UIInterfaceOrientationLandscapeLeft UIInterfaceOrientationLandscapeRight";
				INFOPLIST_KEY_UISupportedInterfaceOrientations_iPhone = "UIInterfaceOrientationPortrait UIInterfaceOrientationLandscapeLeft UIInterfaceOrientationLandscapeRight";
				LD_RUNPATH_SEARCH_PATHS = (
					"$(inherited)",
					"@executable_path/Frameworks",
				);
				MARKETING_VERSION = 1.0;
				PRODUCT_BUNDLE_IDENTIFIER = com.claire.SymptomTracker;
				PRODUCT_NAME = "$(TARGET_NAME)";
				SWIFT_EMIT_LOC_STRINGS = YES;
				SWIFT_VERSION = 5.0;
				TARGETED_DEVICE_FAMILY = "1,2";
			};
			name = Debug;
		};
		7EEFC1C927B041BD001C92C0 /* Release */ = {
			isa = XCBuildConfiguration;
			baseConfigurationReference = 7FFC3E0EB40188F4EDEA889D /* Pods-SymptomTracker.release.xcconfig */;
			buildSettings = {
				ASSETCATALOG_COMPILER_APPICON_NAME = AppIcon;
				ASSETCATALOG_COMPILER_GLOBAL_ACCENT_COLOR_NAME = AccentColor;
				CODE_SIGN_ENTITLEMENTS = SymptomTracker/SymptomTracker.entitlements;
				CODE_SIGN_STYLE = Automatic;
				CURRENT_PROJECT_VERSION = 1;
				DEVELOPMENT_TEAM = B4XW5Z7SE6;
				GENERATE_INFOPLIST_FILE = YES;
				INFOPLIST_FILE = SymptomTracker/Info.plist;
				INFOPLIST_KEY_UIApplicationSupportsIndirectInputEvents = YES;
				INFOPLIST_KEY_UILaunchStoryboardName = LaunchScreen;
				INFOPLIST_KEY_UIMainStoryboardFile = Main;
				INFOPLIST_KEY_UISupportedInterfaceOrientations_iPad = "UIInterfaceOrientationPortrait UIInterfaceOrientationPortraitUpsideDown UIInterfaceOrientationLandscapeLeft UIInterfaceOrientationLandscapeRight";
				INFOPLIST_KEY_UISupportedInterfaceOrientations_iPhone = "UIInterfaceOrientationPortrait UIInterfaceOrientationLandscapeLeft UIInterfaceOrientationLandscapeRight";
				LD_RUNPATH_SEARCH_PATHS = (
					"$(inherited)",
					"@executable_path/Frameworks",
				);
				MARKETING_VERSION = 1.0;
				PRODUCT_BUNDLE_IDENTIFIER = com.claire.SymptomTracker;
				PRODUCT_NAME = "$(TARGET_NAME)";
				SWIFT_EMIT_LOC_STRINGS = YES;
				SWIFT_VERSION = 5.0;
				TARGETED_DEVICE_FAMILY = "1,2";
			};
			name = Release;
		};
/* End XCBuildConfiguration section */

/* Begin XCConfigurationList section */
		7EEFC1AE27B041BC001C92C0 /* Build configuration list for PBXProject "SymptomTracker" */ = {
			isa = XCConfigurationList;
			buildConfigurations = (
				7EEFC1C527B041BD001C92C0 /* Debug */,
				7EEFC1C627B041BD001C92C0 /* Release */,
			);
			defaultConfigurationIsVisible = 0;
			defaultConfigurationName = Release;
		};
		7EEFC1C727B041BD001C92C0 /* Build configuration list for PBXNativeTarget "SymptomTracker" */ = {
			isa = XCConfigurationList;
			buildConfigurations = (
				7EEFC1C827B041BD001C92C0 /* Debug */,
				7EEFC1C927B041BD001C92C0 /* Release */,
			);
			defaultConfigurationIsVisible = 0;
			defaultConfigurationName = Release;
		};
/* End XCConfigurationList section */
	};
	rootObject = 7EEFC1AB27B041BC001C92C0 /* Project object */;
}
